<?xml version="1.0" encoding="UTF-8" standalone="yes" ?>
<CodeBlocks_project_file>
	<FileVersion major="1" minor="6" />
	<Project>
		<Option title="FLAGR" />
		<Option pch_mode="2" />
		<Option compiler="gcc" />
		<Build>
			<Target title="Debug">
				<Option output="bin/Debug/FLAGR" prefix_auto="1" extension_auto="1" />
				<Option object_output="obj/Debug/" />
				<Option type="1" />
				<Option compiler="gcc" />
				<Compiler>
					<Add option="-std=gnu++11" />
					<Add option="-g" />
					<Add directory="src/" />
				</Compiler>
			</Target>
			<Target title="Release">
				<Option output="bin/Release/FLAGR" prefix_auto="1" extension_auto="1" />
				<Option object_output="obj/Release/" />
				<Option type="1" />
				<Option compiler="gcc" />
				<Compiler>
					<Add option="-O2" />
					<Add option="-std=gnu++11" />
					<Add directory="src/" />
				</Compiler>
				<Linker>
					<Add option="-s" />
				</Linker>
			</Target>
		</Build>
		<Compiler>
			<Add option="-Wall" />
			<Add option="-std=gnu++11" />
		</Compiler>
		<Unit filename="cflagr.cpp" />
		<Unit filename="dllflagr.cpp">
			<Option target="&lt;{~None~}&gt;" />
		</Unit>
		<Unit filename="flagr.cpp">
			<Option target="&lt;{~None~}&gt;" />
		</Unit>
		<Unit filename="src/Aggregator.cpp">
			<Option target="&lt;{~None~}&gt;" />
		</Unit>
		<Unit filename="src/Aggregator.h">
			<Option target="&lt;{~None~}&gt;" />
		</Unit>
		<Unit filename="src/Evaluator.cpp">
			<Option target="&lt;{~None~}&gt;" />
		</Unit>
		<Unit filename="src/Evaluator.h">
			<Option target="&lt;{~None~}&gt;" />
		</Unit>
		<Unit filename="src/InputItem.cpp">
			<Option target="&lt;{~None~}&gt;" />
		</Unit>
		<Unit filename="src/InputItem.h">
			<Option target="&lt;{~None~}&gt;" />
		</Unit>
		<Unit filename="src/InputList.cpp">
			<Option target="&lt;{~None~}&gt;" />
		</Unit>
		<Unit filename="src/InputList.h">
			<Option target="&lt;{~None~}&gt;" />
		</Unit>
		<Unit filename="src/InputParams.cpp">
			<Option target="&lt;{~None~}&gt;" />
		</Unit>
		<Unit filename="src/InputParams.h">
			<Option target="&lt;{~None~}&gt;" />
		</Unit>
		<Unit filename="src/MergedItem.cpp">
			<Option target="&lt;{~None~}&gt;" />
		</Unit>
		<Unit filename="src/MergedItem.h">
			<Option target="&lt;{~None~}&gt;" />
		</Unit>
		<Unit filename="src/MergedItemPair.cpp">
			<Option target="&lt;{~None~}&gt;" />
		</Unit>
		<Unit filename="src/MergedItemPair.h">
			<Option target="&lt;{~None~}&gt;" />
		</Unit>
		<Unit filename="src/MergedList.cpp">
			<Option target="&lt;{~None~}&gt;" />
		</Unit>
		<Unit filename="src/MergedList.h">
			<Option target="&lt;{~None~}&gt;" />
		</Unit>
		<Unit filename="src/Query.cpp">
			<Option target="&lt;{~None~}&gt;" />
		</Unit>
		<Unit filename="src/Query.h">
			<Option target="&lt;{~None~}&gt;" />
		</Unit>
		<Unit filename="src/Ranking.cpp">
			<Option target="&lt;{~None~}&gt;" />
		</Unit>
		<Unit filename="src/Ranking.h">
			<Option target="&lt;{~None~}&gt;" />
		</Unit>
		<Unit filename="src/Rel.cpp">
			<Option target="&lt;{~None~}&gt;" />
		</Unit>
		<Unit filename="src/Rel.h">
			<Option target="&lt;{~None~}&gt;" />
		</Unit>
		<Unit filename="src/Rels.cpp">
			<Option target="&lt;{~None~}&gt;" />
		</Unit>
		<Unit filename="src/Rels.h">
			<Option target="&lt;{~None~}&gt;" />
		</Unit>
		<Unit filename="src/SimpleScoreStats.cpp">
			<Option target="&lt;{~None~}&gt;" />
		</Unit>
		<Unit filename="src/SimpleScoreStats.h">
			<Option target="&lt;{~None~}&gt;" />
		</Unit>
		<Unit filename="src/Voter.cpp">
			<Option target="&lt;{~None~}&gt;" />
		</Unit>
		<Unit filename="src/Voter.h">
			<Option target="&lt;{~None~}&gt;" />
		</Unit>
		<Unit filename="src/input/InputData.cpp">
			<Option target="&lt;{~None~}&gt;" />
		</Unit>
		<Unit filename="src/input/InputData.h">
			<Option target="&lt;{~None~}&gt;" />
		</Unit>
		<Unit filename="src/input/InputDataCSV.cpp">
			<Option target="&lt;{~None~}&gt;" />
		</Unit>
		<Unit filename="src/ram/Agglomerative.cpp">
			<Option target="&lt;{~None~}&gt;" />
		</Unit>
		<Unit filename="src/ram/CombMNZ.cpp">
			<Option target="&lt;{~None~}&gt;" />
		</Unit>
		<Unit filename="src/ram/CombSUM.cpp">
			<Option target="&lt;{~None~}&gt;" />
		</Unit>
		<Unit filename="src/ram/CondorcetMethod.cpp">
			<Option target="&lt;{~None~}&gt;" />
		</Unit>
		<Unit filename="src/ram/DIBRA.cpp">
			<Option target="&lt;{~None~}&gt;" />
		</Unit>
		<Unit filename="src/ram/MC123.cpp">
			<Option target="&lt;{~None~}&gt;" />
		</Unit>
		<Unit filename="src/ram/MC4.cpp">
			<Option target="&lt;{~None~}&gt;" />
		</Unit>
		<Unit filename="src/ram/OutrankingApproach.cpp">
			<Option target="&lt;{~None~}&gt;" />
		</Unit>
		<Unit filename="src/ram/PrefRel.cpp">
			<Option target="&lt;{~None~}&gt;" />
		</Unit>
		<Extensions />
	</Project>
</CodeBlocks_project_file>
