<?xml version="1.0" encoding="UTF-8" standalone="yes" ?>
<CodeBlocks_project_file>
	<FileVersion major="1" minor="6" />
	<Project>
		<Option title="rankagg" />
		<Option pch_mode="2" />
		<Option compiler="gcc" />
		<Build>
			<Target title="Debug">
				<Option output="bin/Debug/rankagg" prefix_auto="1" extension_auto="1" />
				<Option object_output="obj/Debug/" />
				<Option type="1" />
				<Option compiler="gcc" />
				<Compiler>
					<Add option="-g" />
					<Add directory="src" />
				</Compiler>
			</Target>
			<Target title="Release">
				<Option output="bin/Release/rankagg" prefix_auto="1" extension_auto="1" />
				<Option object_output="obj/Release/" />
				<Option type="1" />
				<Option compiler="gcc" />
				<Compiler>
					<Add option="-O2" />
					<Add directory="src" />
				</Compiler>
				<Linker>
					<Add option="-s" />
				</Linker>
			</Target>
		</Build>
		<Compiler>
			<Add option="-Wall" />
		</Compiler>
		<Linker>
			<Add library="z" />
		</Linker>
		<Unit filename="main.cpp" />
		<Unit filename="src/Aggregator.cpp">
			<Option target="&lt;{~None~}&gt;" />
		</Unit>
		<Unit filename="src/Aggregator.h">
			<Option target="&lt;{~None~}&gt;" />
		</Unit>
		<Unit filename="src/Evaluator.cpp">
			<Option target="&lt;{~None~}&gt;" />
		</Unit>
		<Unit filename="src/Evaluator.h">
			<Option target="&lt;{~None~}&gt;" />
		</Unit>
		<Unit filename="src/InputItem.cpp">
			<Option target="&lt;{~None~}&gt;" />
		</Unit>
		<Unit filename="src/InputItem.h">
			<Option target="&lt;{~None~}&gt;" />
		</Unit>
		<Unit filename="src/InputList.cpp">
			<Option target="&lt;{~None~}&gt;" />
		</Unit>
		<Unit filename="src/InputList.h">
			<Option target="&lt;{~None~}&gt;" />
		</Unit>
		<Unit filename="src/MergedItem.cpp">
			<Option target="&lt;{~None~}&gt;" />
		</Unit>
		<Unit filename="src/MergedItem.h">
			<Option target="&lt;{~None~}&gt;" />
		</Unit>
		<Unit filename="src/MergedList.cpp">
			<Option target="&lt;{~None~}&gt;" />
		</Unit>
		<Unit filename="src/MergedList.h">
			<Option target="&lt;{~None~}&gt;" />
		</Unit>
		<Unit filename="src/Query.cpp">
			<Option target="&lt;{~None~}&gt;" />
		</Unit>
		<Unit filename="src/Query.h">
			<Option target="&lt;{~None~}&gt;" />
		</Unit>
		<Unit filename="src/Ranking.cpp">
			<Option target="&lt;{~None~}&gt;" />
		</Unit>
		<Unit filename="src/Ranking.h">
			<Option target="&lt;{~None~}&gt;" />
		</Unit>
		<Unit filename="src/Rel.cpp">
			<Option target="&lt;{~None~}&gt;" />
		</Unit>
		<Unit filename="src/Rel.h">
			<Option target="&lt;{~None~}&gt;" />
		</Unit>
		<Unit filename="src/Rels.cpp">
			<Option target="&lt;{~None~}&gt;" />
		</Unit>
		<Unit filename="src/Rels.h">
			<Option target="&lt;{~None~}&gt;" />
		</Unit>
		<Unit filename="src/TRECInput.cpp">
			<Option target="&lt;{~None~}&gt;" />
		</Unit>
		<Unit filename="src/TRECInput.h">
			<Option target="&lt;{~None~}&gt;" />
		</Unit>
		<Unit filename="src/Voter.cpp">
			<Option target="&lt;{~None~}&gt;" />
		</Unit>
		<Unit filename="src/Voter.h">
			<Option target="&lt;{~None~}&gt;" />
		</Unit>
		<Unit filename="src/ram/BordaCount.cpp">
			<Option target="&lt;{~None~}&gt;" />
		</Unit>
		<Unit filename="src/ram/CondorcetMethod.cpp">
			<Option target="&lt;{~None~}&gt;" />
		</Unit>
		<Unit filename="src/ram/OutrankingApproach.cpp">
			<Option target="&lt;{~None~}&gt;" />
		</Unit>
		<Unit filename="src/ram/RankPosition.cpp">
			<Option target="&lt;{~None~}&gt;" />
		</Unit>
		<Extensions>
			<code_completion />
			<debugger />
			<envvars />
		</Extensions>
	</Project>
</CodeBlocks_project_file>
